
Microsoft Visual Studio Solution File, Format Version 12.00
# Visual Studio Version 16
VisualStudioVersion = 16.0.29403.142
MinimumVisualStudioVersion = 10.0.40219.1
Project("{9A19103F-16F7-4668-BE54-9A1E7A4F7556}") = "Polly.Caching.Memory", "Polly.Caching.Memory\Polly.Caching.Memory.csproj", "{04A6D5EC-D728-4776-A8B3-3614825EB80E}"
EndProject
Project("{9A19103F-16F7-4668-BE54-9A1E7A4F7556}") = "Polly.Caching.Memory.Specs", "Polly.Caching.Memory.Specs\Polly.Caching.Memory.Specs.csproj", "{9A630F8D-EC57-420D-886E-56B771C67FFD}"
EndProject
Global
	GlobalSection(SolutionConfigurationPlatforms) = preSolution
		Debug|Any CPU = Debug|Any CPU
		Release|Any CPU = Release|Any CPU
	EndGlobalSection
	GlobalSection(ProjectConfigurationPlatforms) = postSolution
		{04A6D5EC-D728-4776-A8B3-3614825EB80E}.Debug|Any CPU.ActiveCfg = Debug|Any CPU
		{04A6D5EC-D728-4776-A8B3-3614825EB80E}.Debug|Any CPU.Build.0 = Debug|Any CPU
		{04A6D5EC-D728-4776-A8B3-3614825EB80E}.Release|Any CPU.ActiveCfg = Release|Any CPU
		{04A6D5EC-D728-4776-A8B3-3614825EB80E}.Release|Any CPU.Build.0 = Release|Any CPU
		{9A630F8D-EC57-420D-886E-56B771C67FFD}.Debug|Any CPU.ActiveCfg = Debug|Any CPU
		{9A630F8D-EC57-420D-886E-56B771C67FFD}.Debug|Any CPU.Build.0 = Debug|Any CPU
		{9A630F8D-EC57-420D-886E-56B771C67FFD}.Release|Any CPU.ActiveCfg = Release|Any CPU
		{9A630F8D-EC57-420D-886E-56B771C67FFD}.Release|Any CPU.Build.0 = Release|Any CPU
	EndGlobalSection
	GlobalSection(SolutionProperties) = preSolution
		HideSolutionNode = FALSE
	EndGlobalSection
	GlobalSection(ExtensibilityGlobals) = postSolution
		SolutionGuid = {225C7584-19D4-4811-B41C-C4788F609986}
	EndGlobalSection
EndGlobal
